
Microsoft Visual Studio Solution File, Format Version 12.00
# Visual Studio 15
VisualStudioVersion = 15.0.27130.2036
MinimumVisualStudioVersion = 10.0.40219.1
Project("{2150E333-8FDC-42A3-9474-1A3956D46DE8}") = "Solution Items", "Solution Items", "{7AE1ECC5-C3DF-4D22-97DA-0CA12BBCFCA1}"
	ProjectSection(SolutionItems) = preProject
		.appveyor.yml = .appveyor.yml
		.editorconfig = .editorconfig
		.eslintignore = .eslintignore
		.gitattributes = .gitattributes
		.gitignore = .gitignore
		.travis.yml = .travis.yml
		angular-build.json = angular-build.json
		banner.txt = banner.txt
		LICENSE = LICENSE
		package.json = package.json
		README.md = README.md
		tsconfig.json = tsconfig.json
		tslint.json = tslint.json
	EndProjectSection
EndProject
Project("{9092AA53-FB77-4645-B42D-1CCCA6BD08BD}") = "modules", "modules\modules.njsproj", "{8C3E6E30-7333-46FE-937C-679EBE80F8EF}"
EndProject
Project("{2150E333-8FDC-42A3-9474-1A3956D46DE8}") = "samples", "samples", "{17F55D4D-75BD-49FD-BC3C-B180AF187473}"
EndProject
Project("{9A19103F-16F7-4668-BE54-9A1E7A4F7556}") = "ng-cache-aspnetcore-sample", "samples\ng-cache-aspnetcore-sample\ng-cache-aspnetcore-sample.csproj", "{B4BD38AF-66AE-4043-A64D-33EDCC561A17}"
EndProject
Global
	GlobalSection(SolutionConfigurationPlatforms) = preSolution
		Debug|Any CPU = Debug|Any CPU
		Release|Any CPU = Release|Any CPU
	EndGlobalSection
	GlobalSection(ProjectConfigurationPlatforms) = postSolution
		{8C3E6E30-7333-46FE-937C-679EBE80F8EF}.Debug|Any CPU.ActiveCfg = Debug|Any CPU
		{8C3E6E30-7333-46FE-937C-679EBE80F8EF}.Debug|Any CPU.Build.0 = Debug|Any CPU
		{8C3E6E30-7333-46FE-937C-679EBE80F8EF}.Release|Any CPU.ActiveCfg = Release|Any CPU
		{8C3E6E30-7333-46FE-937C-679EBE80F8EF}.Release|Any CPU.Build.0 = Release|Any CPU
		{B4BD38AF-66AE-4043-A64D-33EDCC561A17}.Debug|Any CPU.ActiveCfg = Debug|Any CPU
		{B4BD38AF-66AE-4043-A64D-33EDCC561A17}.Debug|Any CPU.Build.0 = Debug|Any CPU
		{B4BD38AF-66AE-4043-A64D-33EDCC561A17}.Release|Any CPU.ActiveCfg = Release|Any CPU
		{B4BD38AF-66AE-4043-A64D-33EDCC561A17}.Release|Any CPU.Build.0 = Release|Any CPU
	EndGlobalSection
	GlobalSection(SolutionProperties) = preSolution
		HideSolutionNode = FALSE
	EndGlobalSection
	GlobalSection(NestedProjects) = preSolution
		{B4BD38AF-66AE-4043-A64D-33EDCC561A17} = {17F55D4D-75BD-49FD-BC3C-B180AF187473}
	EndGlobalSection
	GlobalSection(ExtensibilityGlobals) = postSolution
		SolutionGuid = {53632E51-C06B-4923-8FED-BB8A349A44B7}
	EndGlobalSection
EndGlobal
